// !$*UTF8*$!
{
	archiveVersion = 1;
	classes = {
	};
	objectVersion = 56;
	objects = {

/* Begin PBXBuildFile section */
		C93D67B22A8FECBE001DCEBF /* AppDelegate.swift in Sources */ = {isa = PBXBuildFile; fileRef = C93D67B12A8FECBE001DCEBF /* AppDelegate.swift */; };
		C93D67B42A8FECBE001DCEBF /* SceneDelegate.swift in Sources */ = {isa = PBXBuildFile; fileRef = C93D67B32A8FECBE001DCEBF /* SceneDelegate.swift */; };
		C93D67B62A8FECBE001DCEBF /* ViewController.swift in Sources */ = {isa = PBXBuildFile; fileRef = C93D67B52A8FECBE001DCEBF /* ViewController.swift */; };
		C93D67B92A8FECBE001DCEBF /* Main.storyboard in Resources */ = {isa = PBXBuildFile; fileRef = C93D67B72A8FECBE001DCEBF /* Main.storyboard */; };
		C93D67BB2A8FECBE001DCEBF /* Assets.xcassets in Resources */ = {isa = PBXBuildFile; fileRef = C93D67BA2A8FECBE001DCEBF /* Assets.xcassets */; };
		C93D67BE2A8FECBE001DCEBF /* LaunchScreen.storyboard in Resources */ = {isa = PBXBuildFile; fileRef = C93D67BC2A8FECBE001DCEBF /* LaunchScreen.storyboard */; };
		C93D67C62A8FEE84001DCEBF /* Movie.swift in Sources */ = {isa = PBXBuildFile; fileRef = C93D67C52A8FEE84001DCEBF /* Movie.swift */; };
		C93D67C82A8FF068001DCEBF /* FirebaseLoginViewController.swift in Sources */ = {isa = PBXBuildFile; fileRef = C93D67C72A8FF068001DCEBF /* FirebaseLoginViewController.swift */; };
		C93D67CA2A8FF182001DCEBF /* MovieTableViewCell.swift in Sources */ = {isa = PBXBuildFile; fileRef = C93D67C92A8FF182001DCEBF /* MovieTableViewCell.swift */; };
		C93D67CC2A8FF1AF001DCEBF /* FirebaseRegisterViewController.swift in Sources */ = {isa = PBXBuildFile; fileRef = C93D67CB2A8FF1AF001DCEBF /* FirebaseRegisterViewController.swift */; };
		C93D67CE2A8FF209001DCEBF /* GoogleService-Info.plist in Resources */ = {isa = PBXBuildFile; fileRef = C93D67CD2A8FF209001DCEBF /* GoogleService-Info.plist */; };
		C93D67D12A8FF29D001DCEBF /* FirebaseAuth in Frameworks */ = {isa = PBXBuildFile; productRef = C93D67D02A8FF29D001DCEBF /* FirebaseAuth */; };
		C93D67D32A8FF29D001DCEBF /* FirebaseDatabase in Frameworks */ = {isa = PBXBuildFile; productRef = C93D67D22A8FF29D001DCEBF /* FirebaseDatabase */; };
		C93D67D52A8FF29D001DCEBF /* FirebaseDatabaseSwift in Frameworks */ = {isa = PBXBuildFile; productRef = C93D67D42A8FF29D001DCEBF /* FirebaseDatabaseSwift */; };
		C93D67D72A8FF29D001DCEBF /* FirebaseFirestore in Frameworks */ = {isa = PBXBuildFile; productRef = C93D67D62A8FF29D001DCEBF /* FirebaseFirestore */; };
		C93D67D92A8FF29E001DCEBF /* FirebaseFirestoreSwift in Frameworks */ = {isa = PBXBuildFile; productRef = C93D67D82A8FF29E001DCEBF /* FirebaseFirestoreSwift */; };
/* End PBXBuildFile section */

/* Begin PBXFileReference section */
		C93D67AE2A8FECBE001DCEBF /* MDEV1001-Assignment4.app */ = {isa = PBXFileReference; explicitFileType = wrapper.application; includeInIndex = 0; path = "MDEV1001-Assignment4.app"; sourceTree = BUILT_PRODUCTS_DIR; };
		C93D67B12A8FECBE001DCEBF /* AppDelegate.swift */ = {isa = PBXFileReference; lastKnownFileType = sourcecode.swift; path = AppDelegate.swift; sourceTree = "<group>"; };
		C93D67B32A8FECBE001DCEBF /* SceneDelegate.swift */ = {isa = PBXFileReference; lastKnownFileType = sourcecode.swift; path = SceneDelegate.swift; sourceTree = "<group>"; };
		C93D67B52A8FECBE001DCEBF /* ViewController.swift */ = {isa = PBXFileReference; lastKnownFileType = sourcecode.swift; path = ViewController.swift; sourceTree = "<group>"; };
		C93D67B82A8FECBE001DCEBF /* Base */ = {isa = PBXFileReference; lastKnownFileType = file.storyboard; name = Base; path = Base.lproj/Main.storyboard; sourceTree = "<group>"; };
		C93D67BA2A8FECBE001DCEBF /* Assets.xcassets */ = {isa = PBXFileReference; lastKnownFileType = folder.assetcatalog; path = Assets.xcassets; sourceTree = "<group>"; };
		C93D67BD2A8FECBE001DCEBF /* Base */ = {isa = PBXFileReference; lastKnownFileType = file.storyboard; name = Base; path = Base.lproj/LaunchScreen.storyboard; sourceTree = "<group>"; };
		C93D67BF2A8FECBE001DCEBF /* Info.plist */ = {isa = PBXFileReference; lastKnownFileType = text.plist.xml; path = Info.plist; sourceTree = "<group>"; };
		C93D67C52A8FEE84001DCEBF /* Movie.swift */ = {isa = PBXFileReference; lastKnownFileType = sourcecode.swift; path = Movie.swift; sourceTree = "<group>"; };
		C93D67C72A8FF068001DCEBF /* FirebaseLoginViewController.swift */ = {isa = PBXFileReference; lastKnownFileType = sourcecode.swift; path = FirebaseLoginViewController.swift; sourceTree = "<group>"; };
		C93D67C92A8FF182001DCEBF /* MovieTableViewCell.swift */ = {isa = PBXFileReference; lastKnownFileType = sourcecode.swift; path = MovieTableViewCell.swift; sourceTree = "<group>"; };
		C93D67CB2A8FF1AF001DCEBF /* FirebaseRegisterViewController.swift */ = {isa = PBXFileReference; lastKnownFileType = sourcecode.swift; path = FirebaseRegisterViewController.swift; sourceTree = "<group>"; };
		C93D67CD2A8FF209001DCEBF /* GoogleService-Info.plist */ = {isa = PBXFileReference; fileEncoding = 4; lastKnownFileType = text.plist.xml; path = "GoogleService-Info.plist"; sourceTree = "<group>"; };
/* End PBXFileReference section */

/* Begin PBXFrameworksBuildPhase section */
		C93D67AB2A8FECBE001DCEBF /* Frameworks */ = {
			isa = PBXFrameworksBuildPhase;
			buildActionMask = 2147483647;
			files = (
				C93D67D92A8FF29E001DCEBF /* FirebaseFirestoreSwift in Frameworks */,
				C93D67D52A8FF29D001DCEBF /* FirebaseDatabaseSwift in Frameworks */,
				C93D67D72A8FF29D001DCEBF /* FirebaseFirestore in Frameworks */,
				C93D67D32A8FF29D001DCEBF /* FirebaseDatabase in Frameworks */,
				C93D67D12A8FF29D001DCEBF /* FirebaseAuth in Frameworks */,
			);
			runOnlyForDeploymentPostprocessing = 0;
		};
/* End PBXFrameworksBuildPhase section */

/* Begin PBXGroup section */
		C93D67A52A8FECBD001DCEBF = {
			isa = PBXGroup;
			children = (
				C93D67B02A8FECBE001DCEBF /* MDEV1001-Assignment4 */,
				C93D67AF2A8FECBE001DCEBF /* Products */,
			);
			sourceTree = "<group>";
		};
		C93D67AF2A8FECBE001DCEBF /* Products */ = {
			isa = PBXGroup;
			children = (
				C93D67AE2A8FECBE001DCEBF /* MDEV1001-Assignment4.app */,
			);
			name = Products;
			sourceTree = "<group>";
		};
		C93D67B02A8FECBE001DCEBF /* MDEV1001-Assignment4 */ = {
			isa = PBXGroup;
			children = (
				C93D67CD2A8FF209001DCEBF /* GoogleService-Info.plist */,
				C93D67B12A8FECBE001DCEBF /* AppDelegate.swift */,
				C93D67B32A8FECBE001DCEBF /* SceneDelegate.swift */,
				C93D67B52A8FECBE001DCEBF /* ViewController.swift */,
				C93D67B72A8FECBE001DCEBF /* Main.storyboard */,
				C93D67BA2A8FECBE001DCEBF /* Assets.xcassets */,
				C93D67BC2A8FECBE001DCEBF /* LaunchScreen.storyboard */,
				C93D67BF2A8FECBE001DCEBF /* Info.plist */,
				C93D67C52A8FEE84001DCEBF /* Movie.swift */,
				C93D67C72A8FF068001DCEBF /* FirebaseLoginViewController.swift */,
				C93D67C92A8FF182001DCEBF /* MovieTableViewCell.swift */,
				C93D67CB2A8FF1AF001DCEBF /* FirebaseRegisterViewController.swift */,
			);
			path = "MDEV1001-Assignment4";
			sourceTree = "<group>";
		};
/* End PBXGroup section */

/* Begin PBXNativeTarget section */
		C93D67AD2A8FECBE001DCEBF /* MDEV1001-Assignment4 */ = {
			isa = PBXNativeTarget;
			buildConfigurationList = C93D67C22A8FECBE001DCEBF /* Build configuration list for PBXNativeTarget "MDEV1001-Assignment4" */;
			buildPhases = (
				C93D67AA2A8FECBE001DCEBF /* Sources */,
				C93D67AB2A8FECBE001DCEBF /* Frameworks */,
				C93D67AC2A8FECBE001DCEBF /* Resources */,
			);
			buildRules = (
			);
			dependencies = (
			);
			name = "MDEV1001-Assignment4";
			packageProductDependencies = (
				C93D67D02A8FF29D001DCEBF /* FirebaseAuth */,
				C93D67D22A8FF29D001DCEBF /* FirebaseDatabase */,
				C93D67D42A8FF29D001DCEBF /* FirebaseDatabaseSwift */,
				C93D67D62A8FF29D001DCEBF /* FirebaseFirestore */,
				C93D67D82A8FF29E001DCEBF /* FirebaseFirestoreSwift */,
			);
			productName = "MDEV1001-Assignment4";
			productReference = C93D67AE2A8FECBE001DCEBF /* MDEV1001-Assignment4.app */;
			productType = "com.apple.product-type.application";
		};
/* End PBXNativeTarget section */

/* Begin PBXProject section */
		C93D67A62A8FECBD001DCEBF /* Project object */ = {
			isa = PBXProject;
			attributes = {
				BuildIndependentTargetsInParallel = 1;
				LastSwiftUpdateCheck = 1430;
				LastUpgradeCheck = 1430;
				TargetAttributes = {
					C93D67AD2A8FECBE001DCEBF = {
						CreatedOnToolsVersion = 14.3.1;
					};
				};
			};
			buildConfigurationList = C93D67A92A8FECBD001DCEBF /* Build configuration list for PBXProject "MDEV1001-Assignment4" */;
			compatibilityVersion = "Xcode 14.0";
			developmentRegion = en;
			hasScannedForEncodings = 0;
			knownRegions = (
				en,
				Base,
			);
			mainGroup = C93D67A52A8FECBD001DCEBF;
			packageReferences = (
				C93D67CF2A8FF29D001DCEBF /* XCRemoteSwiftPackageReference "firebase-ios-sdk" */,
			);
			productRefGroup = C93D67AF2A8FECBE001DCEBF /* Products */;
			projectDirPath = "";
			projectRoot = "";
			targets = (
				C93D67AD2A8FECBE001DCEBF /* MDEV1001-Assignment4 */,
			);
		};
/* End PBXProject section */

/* Begin PBXResourcesBuildPhase section */
		C93D67AC2A8FECBE001DCEBF /* Resources */ = {
			isa = PBXResourcesBuildPhase;
			buildActionMask = 2147483647;
			files = (
				C93D67BE2A8FECBE001DCEBF /* LaunchScreen.storyboard in Resources */,
				C93D67BB2A8FECBE001DCEBF /* Assets.xcassets in Resources */,
				C93D67B92A8FECBE001DCEBF /* Main.storyboard in Resources */,
				C93D67CE2A8FF209001DCEBF /* GoogleService-Info.plist in Resources */,
			);
			runOnlyForDeploymentPostprocessing = 0;
		};
/* End PBXResourcesBuildPhase section */

/* Begin PBXSourcesBuildPhase section */
		C93D67AA2A8FECBE001DCEBF /* Sources */ = {
			isa = PBXSourcesBuildPhase;
			buildActionMask = 2147483647;
			files = (
				C93D67CC2A8FF1AF001DCEBF /* FirebaseRegisterViewController.swift in Sources */,
				C93D67B62A8FECBE001DCEBF /* ViewController.swift in Sources */,
				C93D67B22A8FECBE001DCEBF /* AppDelegate.swift in Sources */,
				C93D67CA2A8FF182001DCEBF /* MovieTableViewCell.swift in Sources */,
				C93D67C62A8FEE84001DCEBF /* Movie.swift in Sources */,
				C93D67B42A8FECBE001DCEBF /* SceneDelegate.swift in Sources */,
				C93D67C82A8FF068001DCEBF /* FirebaseLoginViewController.swift in Sources */,
			);
			runOnlyForDeploymentPostprocessing = 0;
		};
/* End PBXSourcesBuildPhase section */

/* Begin PBXVariantGroup section */
		C93D67B72A8FECBE001DCEBF /* Main.storyboard */ = {
			isa = PBXVariantGroup;
			children = (
				C93D67B82A8FECBE001DCEBF /* Base */,
			);
			name = Main.storyboard;
			sourceTree = "<group>";
		};
		C93D67BC2A8FECBE001DCEBF /* LaunchScreen.storyboard */ = {
			isa = PBXVariantGroup;
			children = (
				C93D67BD2A8FECBE001DCEBF /* Base */,
			);
			name = LaunchScreen.storyboard;
			sourceTree = "<group>";
		};
/* End PBXVariantGroup section */

/* Begin XCBuildConfiguration section */
		C93D67C02A8FECBE001DCEBF /* Debug */ = {
			isa = XCBuildConfiguration;
			buildSettings = {
				ALWAYS_SEARCH_USER_PATHS = NO;
				CLANG_ANALYZER_NONNULL = YES;
				CLANG_ANALYZER_NUMBER_OBJECT_CONVERSION = YES_AGGRESSIVE;
				CLANG_CXX_LANGUAGE_STANDARD = "gnu++20";
				CLANG_ENABLE_MODULES = YES;
				CLANG_ENABLE_OBJC_ARC = YES;
				CLANG_ENABLE_OBJC_WEAK = YES;
				CLANG_WARN_BLOCK_CAPTURE_AUTORELEASING = YES;
				CLANG_WARN_BOOL_CONVERSION = YES;
				CLANG_WARN_COMMA = YES;
				CLANG_WARN_CONSTANT_CONVERSION = YES;
				CLANG_WARN_DEPRECATED_OBJC_IMPLEMENTATIONS = YES;
				CLANG_WARN_DIRECT_OBJC_ISA_USAGE = YES_ERROR;
				CLANG_WARN_DOCUMENTATION_COMMENTS = YES;
				CLANG_WARN_EMPTY_BODY = YES;
				CLANG_WARN_ENUM_CONVERSION = YES;
				CLANG_WARN_INFINITE_RECURSION = YES;
				CLANG_WARN_INT_CONVERSION = YES;
				CLANG_WARN_NON_LITERAL_NULL_CONVERSION = YES;
				CLANG_WARN_OBJC_IMPLICIT_RETAIN_SELF = YES;
				CLANG_WARN_OBJC_LITERAL_CONVERSION = YES;
				CLANG_WARN_OBJC_ROOT_CLASS = YES_ERROR;
				CLANG_WARN_QUOTED_INCLUDE_IN_FRAMEWORK_HEADER = YES;
				CLANG_WARN_RANGE_LOOP_ANALYSIS = YES;
				CLANG_WARN_STRICT_PROTOTYPES = YES;
				CLANG_WARN_SUSPICIOUS_MOVE = YES;
				CLANG_WARN_UNGUARDED_AVAILABILITY = YES_AGGRESSIVE;
				CLANG_WARN_UNREACHABLE_CODE = YES;
				CLANG_WARN__DUPLICATE_METHOD_MATCH = YES;
				COPY_PHASE_STRIP = NO;
				DEBUG_INFORMATION_FORMAT = dwarf;
				ENABLE_STRICT_OBJC_MSGSEND = YES;
				ENABLE_TESTABILITY = YES;
				GCC_C_LANGUAGE_STANDARD = gnu11;
				GCC_DYNAMIC_NO_PIC = NO;
				GCC_NO_COMMON_BLOCKS = YES;
				GCC_OPTIMIZATION_LEVEL = 0;
				GCC_PREPROCESSOR_DEFINITIONS = (
					"DEBUG=1",
					"$(inherited)",
				);
				GCC_WARN_64_TO_32_BIT_CONVERSION = YES;
				GCC_WARN_ABOUT_RETURN_TYPE = YES_ERROR;
				GCC_WARN_UNDECLARED_SELECTOR = YES;
				GCC_WARN_UNINITIALIZED_AUTOS = YES_AGGRESSIVE;
				GCC_WARN_UNUSED_FUNCTION = YES;
				GCC_WARN_UNUSED_VARIABLE = YES;
				IPHONEOS_DEPLOYMENT_TARGET = 16.4;
				MTL_ENABLE_DEBUG_INFO = INCLUDE_SOURCE;
				MTL_FAST_MATH = YES;
				ONLY_ACTIVE_ARCH = YES;
				SDKROOT = iphoneos;
				SWIFT_ACTIVE_COMPILATION_CONDITIONS = DEBUG;
				SWIFT_OPTIMIZATION_LEVEL = "-Onone";
			};
			name = Debug;
		};
		C93D67C12A8FECBE001DCEBF /* Release */ = {
			isa = XCBuildConfiguration;
			buildSettings = {
				ALWAYS_SEARCH_USER_PATHS = NO;
				CLANG_ANALYZER_NONNULL = YES;
				CLANG_ANALYZER_NUMBER_OBJECT_CONVERSION = YES_AGGRESSIVE;
				CLANG_CXX_LANGUAGE_STANDARD = "gnu++20";
				CLANG_ENABLE_MODULES = YES;
				CLANG_ENABLE_OBJC_ARC = YES;
				CLANG_ENABLE_OBJC_WEAK = YES;
				CLANG_WARN_BLOCK_CAPTURE_AUTORELEASING = YES;
				CLANG_WARN_BOOL_CONVERSION = YES;
				CLANG_WARN_COMMA = YES;
				CLANG_WARN_CONSTANT_CONVERSION = YES;
				CLANG_WARN_DEPRECATED_OBJC_IMPLEMENTATIONS = YES;
				CLANG_WARN_DIRECT_OBJC_ISA_USAGE = YES_ERROR;
				CLANG_WARN_DOCUMENTATION_COMMENTS = YES;
				CLANG_WARN_EMPTY_BODY = YES;
				CLANG_WARN_ENUM_CONVERSION = YES;
				CLANG_WARN_INFINITE_RECURSION = YES;
				CLANG_WARN_INT_CONVERSION = YES;
				CLANG_WARN_NON_LITERAL_NULL_CONVERSION = YES;
				CLANG_WARN_OBJC_IMPLICIT_RETAIN_SELF = YES;
				CLANG_WARN_OBJC_LITERAL_CONVERSION = YES;
				CLANG_WARN_OBJC_ROOT_CLASS = YES_ERROR;
				CLANG_WARN_QUOTED_INCLUDE_IN_FRAMEWORK_HEADER = YES;
				CLANG_WARN_RANGE_LOOP_ANALYSIS = YES;
				CLANG_WARN_STRICT_PROTOTYPES = YES;
				CLANG_WARN_SUSPICIOUS_MOVE = YES;
				CLANG_WARN_UNGUARDED_AVAILABILITY = YES_AGGRESSIVE;
				CLANG_WARN_UNREACHABLE_CODE = YES;
				CLANG_WARN__DUPLICATE_METHOD_MATCH = YES;
				COPY_PHASE_STRIP = NO;
				DEBUG_INFORMATION_FORMAT = "dwarf-with-dsym";
				ENABLE_NS_ASSERTIONS = NO;
				ENABLE_STRICT_OBJC_MSGSEND = YES;
				GCC_C_LANGUAGE_STANDARD = gnu11;
				GCC_NO_COMMON_BLOCKS = YES;
				GCC_WARN_64_TO_32_BIT_CONVERSION = YES;
				GCC_WARN_ABOUT_RETURN_TYPE = YES_ERROR;
				GCC_WARN_UNDECLARED_SELECTOR = YES;
				GCC_WARN_UNINITIALIZED_AUTOS = YES_AGGRESSIVE;
				GCC_WARN_UNUSED_FUNCTION = YES;
				GCC_WARN_UNUSED_VARIABLE = YES;
				IPHONEOS_DEPLOYMENT_TARGET = 16.4;
				MTL_ENABLE_DEBUG_INFO = NO;
				MTL_FAST_MATH = YES;
				SDKROOT = iphoneos;
				SWIFT_COMPILATION_MODE = wholemodule;
				SWIFT_OPTIMIZATION_LEVEL = "-O";
				VALIDATE_PRODUCT = YES;
			};
			name = Release;
		};
		C93D67C32A8FECBE001DCEBF /* Debug */ = {
			isa = XCBuildConfiguration;
			buildSettings = {
				ASSETCATALOG_COMPILER_APPICON_NAME = AppIcon;
				ASSETCATALOG_COMPILER_GLOBAL_ACCENT_COLOR_NAME = AccentColor;
				CODE_SIGN_STYLE = Automatic;
				CURRENT_PROJECT_VERSION = 1;
				GENERATE_INFOPLIST_FILE = YES;
				INFOPLIST_FILE = "MDEV1001-Assignment4/Info.plist";
				INFOPLIST_KEY_UIApplicationSupportsIndirectInputEvents = YES;
				INFOPLIST_KEY_UILaunchStoryboardName = LaunchScreen;
				INFOPLIST_KEY_UIMainStoryboardFile = Main;
				INFOPLIST_KEY_UISupportedInterfaceOrientations_iPad = "UIInterfaceOrientationPortrait UIInterfaceOrientationPortraitUpsideDown UIInterfaceOrientationLandscapeLeft UIInterfaceOrientationLandscapeRight";
				INFOPLIST_KEY_UISupportedInterfaceOrientations_iPhone = "UIInterfaceOrientationPortrait UIInterfaceOrientationLandscapeLeft UIInterfaceOrientationLandscapeRight";
				LD_RUNPATH_SEARCH_PATHS = (
					"$(inherited)",
					"@executable_path/Frameworks",
				);
				MARKETING_VERSION = 1.0;
				PRODUCT_BUNDLE_IDENTIFIER = "ca.georgian.upasnapareshkumarkhatiwala.MDEV1001-Assignment4";
				PRODUCT_NAME = "$(TARGET_NAME)";
				SUPPORTED_PLATFORMS = "iphoneos iphonesimulator";
				SUPPORTS_MACCATALYST = NO;
				SUPPORTS_MAC_DESIGNED_FOR_IPHONE_IPAD = NO;
				SWIFT_EMIT_LOC_STRINGS = YES;
				SWIFT_VERSION = 5.0;
				TARGETED_DEVICE_FAMILY = 1;
			};
			name = Debug;
		};
		C93D67C42A8FECBE001DCEBF /* Release */ = {
			isa = XCBuildConfiguration;
			buildSettings = {
				ASSETCATALOG_COMPILER_APPICON_NAME = AppIcon;
				ASSETCATALOG_COMPILER_GLOBAL_ACCENT_COLOR_NAME = AccentColor;
				CODE_SIGN_STYLE = Automatic;
				CURRENT_PROJECT_VERSION = 1;
				GENERATE_INFOPLIST_FILE = YES;
				INFOPLIST_FILE = "MDEV1001-Assignment4/Info.plist";
				INFOPLIST_KEY_UIApplicationSupportsIndirectInputEvents = YES;
				INFOPLIST_KEY_UILaunchStoryboardName = LaunchScreen;
				INFOPLIST_KEY_UIMainStoryboardFile = Main;
				INFOPLIST_KEY_UISupportedInterfaceOrientations_iPad = "UIInterfaceOrientationPortrait UIInterfaceOrientationPortraitUpsideDown UIInterfaceOrientationLandscapeLeft UIInterfaceOrientationLandscapeRight";
				INFOPLIST_KEY_UISupportedInterfaceOrientations_iPhone = "UIInterfaceOrientationPortrait UIInterfaceOrientationLandscapeLeft UIInterfaceOrientationLandscapeRight";
				LD_RUNPATH_SEARCH_PATHS = (
					"$(inherited)",
					"@executable_path/Frameworks",
				);
				MARKETING_VERSION = 1.0;
				PRODUCT_BUNDLE_IDENTIFIER = "ca.georgian.upasnapareshkumarkhatiwala.MDEV1001-Assignment4";
				PRODUCT_NAME = "$(TARGET_NAME)";
				SUPPORTED_PLATFORMS = "iphoneos iphonesimulator";
				SUPPORTS_MACCATALYST = NO;
				SUPPORTS_MAC_DESIGNED_FOR_IPHONE_IPAD = NO;
				SWIFT_EMIT_LOC_STRINGS = YES;
				SWIFT_VERSION = 5.0;
				TARGETED_DEVICE_FAMILY = 1;
			};
			name = Release;
		};
/* End XCBuildConfiguration section */

/* Begin XCConfigurationList section */
		C93D67A92A8FECBD001DCEBF /* Build configuration list for PBXProject "MDEV1001-Assignment4" */ = {
			isa = XCConfigurationList;
			buildConfigurations = (
				C93D67C02A8FECBE001DCEBF /* Debug */,
				C93D67C12A8FECBE001DCEBF /* Release */,
			);
			defaultConfigurationIsVisible = 0;
			defaultConfigurationName = Release;
		};
		C93D67C22A8FECBE001DCEBF /* Build configuration list for PBXNativeTarget "MDEV1001-Assignment4" */ = {
			isa = XCConfigurationList;
			buildConfigurations = (
				C93D67C32A8FECBE001DCEBF /* Debug */,
				C93D67C42A8FECBE001DCEBF /* Release */,
			);
			defaultConfigurationIsVisible = 0;
			defaultConfigurationName = Release;
		};
/* End XCConfigurationList section */

/* Begin XCRemoteSwiftPackageReference section */
		C93D67CF2A8FF29D001DCEBF /* XCRemoteSwiftPackageReference "firebase-ios-sdk" */ = {
			isa = XCRemoteSwiftPackageReference;
			repositoryURL = "https://github.com/firebase/firebase-ios-sdk";
			requirement = {
				kind = upToNextMajorVersion;
				minimumVersion = 10.0.0;
			};
		};
/* End XCRemoteSwiftPackageReference section */

/* Begin XCSwiftPackageProductDependency section */
		C93D67D02A8FF29D001DCEBF /* FirebaseAuth */ = {
			isa = XCSwiftPackageProductDependency;
			package = C93D67CF2A8FF29D001DCEBF /* XCRemoteSwiftPackageReference "firebase-ios-sdk" */;
			productName = FirebaseAuth;
		};
		C93D67D22A8FF29D001DCEBF /* FirebaseDatabase */ = {
			isa = XCSwiftPackageProductDependency;
			package = C93D67CF2A8FF29D001DCEBF /* XCRemoteSwiftPackageReference "firebase-ios-sdk" */;
			productName = FirebaseDatabase;
		};
		C93D67D42A8FF29D001DCEBF /* FirebaseDatabaseSwift */ = {
			isa = XCSwiftPackageProductDependency;
			package = C93D67CF2A8FF29D001DCEBF /* XCRemoteSwiftPackageReference "firebase-ios-sdk" */;
			productName = FirebaseDatabaseSwift;
		};
		C93D67D62A8FF29D001DCEBF /* FirebaseFirestore */ = {
			isa = XCSwiftPackageProductDependency;
			package = C93D67CF2A8FF29D001DCEBF /* XCRemoteSwiftPackageReference "firebase-ios-sdk" */;
			productName = FirebaseFirestore;
		};
		C93D67D82A8FF29E001DCEBF /* FirebaseFirestoreSwift */ = {
			isa = XCSwiftPackageProductDependency;
			package = C93D67CF2A8FF29D001DCEBF /* XCRemoteSwiftPackageReference "firebase-ios-sdk" */;
			productName = FirebaseFirestoreSwift;
		};
/* End XCSwiftPackageProductDependency section */
	};
	rootObject = C93D67A62A8FECBD001DCEBF /* Project object */;
}
